
Microsoft Visual Studio Solution File, Format Version 12.00
# Visual Studio Version 16
VisualStudioVersion = 16.0.29306.81
MinimumVisualStudioVersion = 10.0.40219.1
Project("{FAE04EC0-301F-11D3-BF4B-00C04F79EFBC}") = "Topdanmark", "Topdanmark\Topdanmark.csproj", "{BEFF6625-F5E4-406B-A513-4C9CEFD1E985}"
EndProject
Global
	GlobalSection(SolutionConfigurationPlatforms) = preSolution
		Debug|Any CPU = Debug|Any CPU
		Release|Any CPU = Release|Any CPU
	EndGlobalSection
	GlobalSection(ProjectConfigurationPlatforms) = postSolution
		{BEFF6625-F5E4-406B-A513-4C9CEFD1E985}.Debug|Any CPU.ActiveCfg = Debug|Any CPU
		{BEFF6625-F5E4-406B-A513-4C9CEFD1E985}.Debug|Any CPU.Build.0 = Debug|Any CPU
		{BEFF6625-F5E4-406B-A513-4C9CEFD1E985}.Release|Any CPU.ActiveCfg = Release|Any CPU
		{BEFF6625-F5E4-406B-A513-4C9CEFD1E985}.Release|Any CPU.Build.0 = Release|Any CPU
	EndGlobalSection
	GlobalSection(SolutionProperties) = preSolution
		HideSolutionNode = FALSE
	EndGlobalSection
	GlobalSection(ExtensibilityGlobals) = postSolution
		SolutionGuid = {F85582C8-848E-4874-AA2A-FA8D6767C140}
	EndGlobalSection
EndGlobal
